
Microsoft Visual Studio Solution File, Format Version 12.00
# Visual Studio Version 17
VisualStudioVersion = 17.2.32505.173
MinimumVisualStudioVersion = 10.0.40219.1
Project("{9A19103F-16F7-4668-BE54-9A1E7A4F7556}") = "AspNetAuth", "AspNetAuth.csproj", "{40CC4BD1-D4F3-4C29-88AC-E30189AA1696}"
EndProject
Global
	GlobalSection(SolutionConfigurationPlatforms) = preSolution
		Debug|Any CPU = Debug|Any CPU
		Release|Any CPU = Release|Any CPU
	EndGlobalSection
	GlobalSection(ProjectConfigurationPlatforms) = postSolution
		{40CC4BD1-D4F3-4C29-88AC-E30189AA1696}.Debug|Any CPU.ActiveCfg = Debug|Any CPU
		{40CC4BD1-D4F3-4C29-88AC-E30189AA1696}.Debug|Any CPU.Build.0 = Debug|Any CPU
		{40CC4BD1-D4F3-4C29-88AC-E30189AA1696}.Release|Any CPU.ActiveCfg = Release|Any CPU
		{40CC4BD1-D4F3-4C29-88AC-E30189AA1696}.Release|Any CPU.Build.0 = Release|Any CPU
	EndGlobalSection
	GlobalSection(SolutionProperties) = preSolution
		HideSolutionNode = FALSE
	EndGlobalSection
	GlobalSection(ExtensibilityGlobals) = postSolution
		SolutionGuid = {F1CAF814-3820-47FC-AFE0-2C071EB94538}
	EndGlobalSection
EndGlobal
